
Microsoft Visual Studio Solution File, Format Version 12.00
# Visual Studio 15
VisualStudioVersion = 15.0.26730.15
MinimumVisualStudioVersion = 10.0.40219.1
Project("{2150E333-8FDC-42A3-9474-1A3956D46DE8}") = "Business", "Business", "{46EE4727-9D40-44C8-961B-C832CD21DB4F}"
EndProject
Project("{2150E333-8FDC-42A3-9474-1A3956D46DE8}") = "WebApp", "WebApp", "{DD9331F6-96BC-458E-9607-2B14216ACD26}"
EndProject
Project("{2150E333-8FDC-42A3-9474-1A3956D46DE8}") = "Infrastructure", "Infrastructure", "{BD1DDA12-3241-4BBA-825E-402B1B1DFD1B}"
EndProject
Project("{2150E333-8FDC-42A3-9474-1A3956D46DE8}") = "Authenticate", "Authenticate", "{E74930EF-A882-4ACC-B4E4-A3BD2995E986}"
EndProject
Project("{2150E333-8FDC-42A3-9474-1A3956D46DE8}") = "Mes", "Mes", "{EAADD1EE-E3F7-4B5E-AA64-F6D5C390493D}"
EndProject
Project("{2150E333-8FDC-42A3-9474-1A3956D46DE8}") = "Erp", "Erp", "{3FF171E9-33AC-4179-ACCF-626779F5CBBE}"
EndProject
Project("{2150E333-8FDC-42A3-9474-1A3956D46DE8}") = "Bpm", "Bpm", "{77C3E7D0-865F-48FA-8A5B-A4810A7074F9}"
EndProject
Project("{2150E333-8FDC-42A3-9474-1A3956D46DE8}") = "ProductMaster", "ProductMaster", "{32E81517-FF1D-440C-BD98-F8DFB31CD599}"
EndProject
Project("{FAE04EC0-301F-11D3-BF4B-00C04F79EFBC}") = "EicWorkPlatfrom", "EicWorkPlatfrom\EicWorkPlatfrom.csproj", "{DAE0F1FB-FB71-497B-AB6E-4DD98AC48406}"
EndProject
Project("{FAE04EC0-301F-11D3-BF4B-00C04F79EFBC}") = "Lm.Eic.Framework.Authenticate", "Lm.Eic.Framework.Authenticate\Lm.Eic.Framework.Authenticate.csproj", "{0DED0CF3-557E-4B9D-9E35-7ABA5658C03D}"
EndProject
Project("{FAE04EC0-301F-11D3-BF4B-00C04F79EFBC}") = "Lm.Eic.App.Business.Bmp", "Lm.Eic.App.Business.Bmp\Lm.Eic.App.Business.Bmp.csproj", "{1862D746-C559-415F-B220-0C5DC1250F2F}"
EndProject
Project("{FAE04EC0-301F-11D3-BF4B-00C04F79EFBC}") = "Lm.Eic.App.DbAccess.Bpm", "Lm.Eic.App.DbAccess.Bpm\Lm.Eic.App.DbAccess.Bpm.csproj", "{E63B49BF-6DCF-4DE1-B0FD-53B4E24B183C}"
EndProject
Project("{FAE04EC0-301F-11D3-BF4B-00C04F79EFBC}") = "Lm.Eic.App.DomainModel.Bpm", "Lm.Eic.App.DomainModel.Bpm\Lm.Eic.App.DomainModel.Bpm.csproj", "{B4B07C08-AFF7-4BE3-B8AE-5A6E85DA2018}"
EndProject
Project("{FAE04EC0-301F-11D3-BF4B-00C04F79EFBC}") = "Lm.Eic.App.Erp", "Lm.Eic.App.Erp\Lm.Eic.App.Erp.csproj", "{58CCB98B-0CB7-4554-8F66-F4A9DB8189E5}"
EndProject
Project("{FAE04EC0-301F-11D3-BF4B-00C04F79EFBC}") = "Lm.Eic.App.Business.Mes", "Lm.Eic.App.Business.Mes\Lm.Eic.App.Business.Mes.csproj", "{25616437-5761-4FE5-8DCC-D76B4641B6A7}"
EndProject
Project("{FAE04EC0-301F-11D3-BF4B-00C04F79EFBC}") = "Lm.Eic.App.DbAccess.Mes", "Lm.Eic.App.DbAccess.Mes\Lm.Eic.App.DbAccess.Mes.csproj", "{9B6810B4-20D2-4A8F-B29B-DD0663A5D2B6}"
EndProject
Project("{FAE04EC0-301F-11D3-BF4B-00C04F79EFBC}") = "Lm.Eic.App.DomainModel.Mes", "Lm.Eic.App.Model.Mes\Lm.Eic.App.DomainModel.Mes.csproj", "{117FE893-5FB5-4C88-BA0F-794CA715E8E6}"
EndProject
Project("{FAE04EC0-301F-11D3-BF4B-00C04F79EFBC}") = "Lm.Eic.Framework.ProductMaster", "Lm.Eic.Framework.ProductMaster\Lm.Eic.Framework.ProductMaster.csproj", "{7B130827-0935-470D-8BE5-BC6953466DAE}"
EndProject
Project("{FAE04EC0-301F-11D3-BF4B-00C04F79EFBC}") = "Lm.Eic.Uti.Common", "Lm.Eic.Uti.Common\Lm.Eic.Uti.Common\Lm.Eic.Uti.Common.csproj", "{35FA689A-9EF7-4944-8A6E-0CF9F2CACDDE}"
EndProject
Project("{FAE04EC0-301F-11D3-BF4B-00C04F79EFBC}") = "Lm.Eic.Uti.LogMessageNet", "Lm.Eic.Uti.LogMessageNet\Lm.Eic.Uti.LogMessageNet.csproj", "{5B599F03-EF02-41D1-9278-6C12DBAC5C5A}"
EndProject
Project("{FAE04EC0-301F-11D3-BF4B-00C04F79EFBC}") = "Lm.Eic.Uti.Common.YleeDbHandler", "Lm.Eic.Uti.Common.YleeDbHandler\Lm.Eic.Uti.Common.YleeDbHandler\Lm.Eic.Uti.Common.YleeDbHandler.csproj", "{8301C71A-AFDE-4853-8C05-39FF96B207C6}"
EndProject
Project("{FAE04EC0-301F-11D3-BF4B-00C04F79EFBC}") = "Lm.Eic.App.Mes", "Lm.Eic.App.Mes\Lm.Eic.App.Mes.csproj", "{AD7947FD-9283-4AC1-9F7D-FC53932150A0}"
EndProject
Project("{FAE04EC0-301F-11D3-BF4B-00C04F79EFBC}") = "Lm.Eic.App.Business.BmpTests", "Lm.Eic.App.Business.BmpTests\Lm.Eic.App.Business.BmpTests.csproj", "{9B1FFD8B-B4E1-42AE-BFDE-AA8E1BD6065C}"
EndProject
Global
	GlobalSection(SolutionConfigurationPlatforms) = preSolution
		Debug|Any CPU = Debug|Any CPU
		Release|Any CPU = Release|Any CPU
	EndGlobalSection
	GlobalSection(ProjectConfigurationPlatforms) = postSolution
		{DAE0F1FB-FB71-497B-AB6E-4DD98AC48406}.Debug|Any CPU.ActiveCfg = Debug|Any CPU
		{DAE0F1FB-FB71-497B-AB6E-4DD98AC48406}.Debug|Any CPU.Build.0 = Debug|Any CPU
		{DAE0F1FB-FB71-497B-AB6E-4DD98AC48406}.Release|Any CPU.ActiveCfg = Release|Any CPU
		{DAE0F1FB-FB71-497B-AB6E-4DD98AC48406}.Release|Any CPU.Build.0 = Release|Any CPU
		{0DED0CF3-557E-4B9D-9E35-7ABA5658C03D}.Debug|Any CPU.ActiveCfg = Debug|Any CPU
		{0DED0CF3-557E-4B9D-9E35-7ABA5658C03D}.Debug|Any CPU.Build.0 = Debug|Any CPU
		{0DED0CF3-557E-4B9D-9E35-7ABA5658C03D}.Release|Any CPU.ActiveCfg = Release|Any CPU
		{0DED0CF3-557E-4B9D-9E35-7ABA5658C03D}.Release|Any CPU.Build.0 = Release|Any CPU
		{1862D746-C559-415F-B220-0C5DC1250F2F}.Debug|Any CPU.ActiveCfg = Debug|Any CPU
		{1862D746-C559-415F-B220-0C5DC1250F2F}.Debug|Any CPU.Build.0 = Debug|Any CPU
		{1862D746-C559-415F-B220-0C5DC1250F2F}.Release|Any CPU.ActiveCfg = Release|Any CPU
		{1862D746-C559-415F-B220-0C5DC1250F2F}.Release|Any CPU.Build.0 = Release|Any CPU
		{E63B49BF-6DCF-4DE1-B0FD-53B4E24B183C}.Debug|Any CPU.ActiveCfg = Debug|Any CPU
		{E63B49BF-6DCF-4DE1-B0FD-53B4E24B183C}.Debug|Any CPU.Build.0 = Debug|Any CPU
		{E63B49BF-6DCF-4DE1-B0FD-53B4E24B183C}.Release|Any CPU.ActiveCfg = Release|Any CPU
		{E63B49BF-6DCF-4DE1-B0FD-53B4E24B183C}.Release|Any CPU.Build.0 = Release|Any CPU
		{B4B07C08-AFF7-4BE3-B8AE-5A6E85DA2018}.Debug|Any CPU.ActiveCfg = Debug|Any CPU
		{B4B07C08-AFF7-4BE3-B8AE-5A6E85DA2018}.Debug|Any CPU.Build.0 = Debug|Any CPU
		{B4B07C08-AFF7-4BE3-B8AE-5A6E85DA2018}.Release|Any CPU.ActiveCfg = Release|Any CPU
		{B4B07C08-AFF7-4BE3-B8AE-5A6E85DA2018}.Release|Any CPU.Build.0 = Release|Any CPU
		{58CCB98B-0CB7-4554-8F66-F4A9DB8189E5}.Debug|Any CPU.ActiveCfg = Debug|Any CPU
		{58CCB98B-0CB7-4554-8F66-F4A9DB8189E5}.Debug|Any CPU.Build.0 = Debug|Any CPU
		{58CCB98B-0CB7-4554-8F66-F4A9DB8189E5}.Release|Any CPU.ActiveCfg = Release|Any CPU
		{58CCB98B-0CB7-4554-8F66-F4A9DB8189E5}.Release|Any CPU.Build.0 = Release|Any CPU
		{25616437-5761-4FE5-8DCC-D76B4641B6A7}.Debug|Any CPU.ActiveCfg = Debug|Any CPU
		{25616437-5761-4FE5-8DCC-D76B4641B6A7}.Debug|Any CPU.Build.0 = Debug|Any CPU
		{25616437-5761-4FE5-8DCC-D76B4641B6A7}.Release|Any CPU.ActiveCfg = Release|Any CPU
		{25616437-5761-4FE5-8DCC-D76B4641B6A7}.Release|Any CPU.Build.0 = Release|Any CPU
		{9B6810B4-20D2-4A8F-B29B-DD0663A5D2B6}.Debug|Any CPU.ActiveCfg = Debug|Any CPU
		{9B6810B4-20D2-4A8F-B29B-DD0663A5D2B6}.Debug|Any CPU.Build.0 = Debug|Any CPU
		{9B6810B4-20D2-4A8F-B29B-DD0663A5D2B6}.Release|Any CPU.ActiveCfg = Release|Any CPU
		{9B6810B4-20D2-4A8F-B29B-DD0663A5D2B6}.Release|Any CPU.Build.0 = Release|Any CPU
		{117FE893-5FB5-4C88-BA0F-794CA715E8E6}.Debug|Any CPU.ActiveCfg = Debug|Any CPU
		{117FE893-5FB5-4C88-BA0F-794CA715E8E6}.Debug|Any CPU.Build.0 = Debug|Any CPU
		{117FE893-5FB5-4C88-BA0F-794CA715E8E6}.Release|Any CPU.ActiveCfg = Release|Any CPU
		{117FE893-5FB5-4C88-BA0F-794CA715E8E6}.Release|Any CPU.Build.0 = Release|Any CPU
		{7B130827-0935-470D-8BE5-BC6953466DAE}.Debug|Any CPU.ActiveCfg = Debug|Any CPU
		{7B130827-0935-470D-8BE5-BC6953466DAE}.Debug|Any CPU.Build.0 = Debug|Any CPU
		{7B130827-0935-470D-8BE5-BC6953466DAE}.Release|Any CPU.ActiveCfg = Release|Any CPU
		{7B130827-0935-470D-8BE5-BC6953466DAE}.Release|Any CPU.Build.0 = Release|Any CPU
		{35FA689A-9EF7-4944-8A6E-0CF9F2CACDDE}.Debug|Any CPU.ActiveCfg = Debug|Any CPU
		{35FA689A-9EF7-4944-8A6E-0CF9F2CACDDE}.Debug|Any CPU.Build.0 = Debug|Any CPU
		{35FA689A-9EF7-4944-8A6E-0CF9F2CACDDE}.Release|Any CPU.ActiveCfg = Release|Any CPU
		{35FA689A-9EF7-4944-8A6E-0CF9F2CACDDE}.Release|Any CPU.Build.0 = Release|Any CPU
		{5B599F03-EF02-41D1-9278-6C12DBAC5C5A}.Debug|Any CPU.ActiveCfg = Debug|Any CPU
		{5B599F03-EF02-41D1-9278-6C12DBAC5C5A}.Debug|Any CPU.Build.0 = Debug|Any CPU
		{5B599F03-EF02-41D1-9278-6C12DBAC5C5A}.Release|Any CPU.ActiveCfg = Release|Any CPU
		{5B599F03-EF02-41D1-9278-6C12DBAC5C5A}.Release|Any CPU.Build.0 = Release|Any CPU
		{8301C71A-AFDE-4853-8C05-39FF96B207C6}.Debug|Any CPU.ActiveCfg = Debug|Any CPU
		{8301C71A-AFDE-4853-8C05-39FF96B207C6}.Debug|Any CPU.Build.0 = Debug|Any CPU
		{8301C71A-AFDE-4853-8C05-39FF96B207C6}.Release|Any CPU.ActiveCfg = Release|Any CPU
		{8301C71A-AFDE-4853-8C05-39FF96B207C6}.Release|Any CPU.Build.0 = Release|Any CPU
		{AD7947FD-9283-4AC1-9F7D-FC53932150A0}.Debug|Any CPU.ActiveCfg = Debug|Any CPU
		{AD7947FD-9283-4AC1-9F7D-FC53932150A0}.Debug|Any CPU.Build.0 = Debug|Any CPU
		{AD7947FD-9283-4AC1-9F7D-FC53932150A0}.Release|Any CPU.ActiveCfg = Release|Any CPU
		{AD7947FD-9283-4AC1-9F7D-FC53932150A0}.Release|Any CPU.Build.0 = Release|Any CPU
		{9B1FFD8B-B4E1-42AE-BFDE-AA8E1BD6065C}.Debug|Any CPU.ActiveCfg = Debug|Any CPU
		{9B1FFD8B-B4E1-42AE-BFDE-AA8E1BD6065C}.Debug|Any CPU.Build.0 = Debug|Any CPU
		{9B1FFD8B-B4E1-42AE-BFDE-AA8E1BD6065C}.Release|Any CPU.ActiveCfg = Release|Any CPU
		{9B1FFD8B-B4E1-42AE-BFDE-AA8E1BD6065C}.Release|Any CPU.Build.0 = Release|Any CPU
	EndGlobalSection
	GlobalSection(SolutionProperties) = preSolution
		HideSolutionNode = FALSE
	EndGlobalSection
	GlobalSection(NestedProjects) = preSolution
		{E74930EF-A882-4ACC-B4E4-A3BD2995E986} = {46EE4727-9D40-44C8-961B-C832CD21DB4F}
		{EAADD1EE-E3F7-4B5E-AA64-F6D5C390493D} = {46EE4727-9D40-44C8-961B-C832CD21DB4F}
		{3FF171E9-33AC-4179-ACCF-626779F5CBBE} = {46EE4727-9D40-44C8-961B-C832CD21DB4F}
		{77C3E7D0-865F-48FA-8A5B-A4810A7074F9} = {46EE4727-9D40-44C8-961B-C832CD21DB4F}
		{32E81517-FF1D-440C-BD98-F8DFB31CD599} = {46EE4727-9D40-44C8-961B-C832CD21DB4F}
		{DAE0F1FB-FB71-497B-AB6E-4DD98AC48406} = {DD9331F6-96BC-458E-9607-2B14216ACD26}
		{0DED0CF3-557E-4B9D-9E35-7ABA5658C03D} = {E74930EF-A882-4ACC-B4E4-A3BD2995E986}
		{1862D746-C559-415F-B220-0C5DC1250F2F} = {77C3E7D0-865F-48FA-8A5B-A4810A7074F9}
		{E63B49BF-6DCF-4DE1-B0FD-53B4E24B183C} = {77C3E7D0-865F-48FA-8A5B-A4810A7074F9}
		{B4B07C08-AFF7-4BE3-B8AE-5A6E85DA2018} = {77C3E7D0-865F-48FA-8A5B-A4810A7074F9}
		{58CCB98B-0CB7-4554-8F66-F4A9DB8189E5} = {3FF171E9-33AC-4179-ACCF-626779F5CBBE}
		{25616437-5761-4FE5-8DCC-D76B4641B6A7} = {EAADD1EE-E3F7-4B5E-AA64-F6D5C390493D}
		{9B6810B4-20D2-4A8F-B29B-DD0663A5D2B6} = {EAADD1EE-E3F7-4B5E-AA64-F6D5C390493D}
		{117FE893-5FB5-4C88-BA0F-794CA715E8E6} = {EAADD1EE-E3F7-4B5E-AA64-F6D5C390493D}
		{7B130827-0935-470D-8BE5-BC6953466DAE} = {32E81517-FF1D-440C-BD98-F8DFB31CD599}
		{35FA689A-9EF7-4944-8A6E-0CF9F2CACDDE} = {BD1DDA12-3241-4BBA-825E-402B1B1DFD1B}
		{5B599F03-EF02-41D1-9278-6C12DBAC5C5A} = {BD1DDA12-3241-4BBA-825E-402B1B1DFD1B}
		{8301C71A-AFDE-4853-8C05-39FF96B207C6} = {BD1DDA12-3241-4BBA-825E-402B1B1DFD1B}
		{AD7947FD-9283-4AC1-9F7D-FC53932150A0} = {EAADD1EE-E3F7-4B5E-AA64-F6D5C390493D}
	EndGlobalSection
	GlobalSection(ExtensibilityGlobals) = postSolution
		SolutionGuid = {3DA67229-A359-4F19-99BE-8483A537F939}
	EndGlobalSection
EndGlobal
